
Microsoft Visual Studio Solution File, Format Version 12.00
# Visual Studio Version 17
VisualStudioVersion = 17.5.002.0
MinimumVisualStudioVersion = 10.0.40219.1
Project("{9A19103F-16F7-4668-BE54-9A1E7A4F7556}") = "Starter", "Starter.csproj", "{F37E0D88-8DE2-4F39-9083-04CD7043AF6A}"
EndProject
Global
	GlobalSection(SolutionConfigurationPlatforms) = preSolution
		Debug|Any CPU = Debug|Any CPU
		Release|Any CPU = Release|Any CPU
	EndGlobalSection
	GlobalSection(ProjectConfigurationPlatforms) = postSolution
		{F37E0D88-8DE2-4F39-9083-04CD7043AF6A}.Debug|Any CPU.ActiveCfg = Debug|Any CPU
		{F37E0D88-8DE2-4F39-9083-04CD7043AF6A}.Debug|Any CPU.Build.0 = Debug|Any CPU
		{F37E0D88-8DE2-4F39-9083-04CD7043AF6A}.Release|Any CPU.ActiveCfg = Release|Any CPU
		{F37E0D88-8DE2-4F39-9083-04CD7043AF6A}.Release|Any CPU.Build.0 = Release|Any CPU
	EndGlobalSection
	GlobalSection(SolutionProperties) = preSolution
		HideSolutionNode = FALSE
	EndGlobalSection
	GlobalSection(ExtensibilityGlobals) = postSolution
		SolutionGuid = {CE0796BD-EF4F-4D7E-A531-84400C99A9C8}
	EndGlobalSection
EndGlobal
